
Microsoft Visual Studio Solution File, Format Version 12.00
# Visual Studio 14
VisualStudioVersion = 14.0.23107.0
MinimumVisualStudioVersion = 10.0.40219.1
Project("{FAE04EC0-301F-11D3-BF4B-00C04F79EFBC}") = "Bootcamp.CRUD", "Bootcamp.CRUD\Bootcamp.CRUD.csproj", "{6F19AB83-D428-481F-BB8A-2F25E4A5B2B4}"
EndProject
Global
	GlobalSection(SolutionConfigurationPlatforms) = preSolution
		Debug|Any CPU = Debug|Any CPU
		Release|Any CPU = Release|Any CPU
	EndGlobalSection
	GlobalSection(ProjectConfigurationPlatforms) = postSolution
		{6F19AB83-D428-481F-BB8A-2F25E4A5B2B4}.Debug|Any CPU.ActiveCfg = Debug|Any CPU
		{6F19AB83-D428-481F-BB8A-2F25E4A5B2B4}.Debug|Any CPU.Build.0 = Debug|Any CPU
		{6F19AB83-D428-481F-BB8A-2F25E4A5B2B4}.Release|Any CPU.ActiveCfg = Release|Any CPU
		{6F19AB83-D428-481F-BB8A-2F25E4A5B2B4}.Release|Any CPU.Build.0 = Release|Any CPU
	EndGlobalSection
	GlobalSection(SolutionProperties) = preSolution
		HideSolutionNode = FALSE
	EndGlobalSection
EndGlobal
